
Microsoft Visual Studio Solution File, Format Version 12.00
# Visual Studio Version 16
VisualStudioVersion = 16.0.29424.173
MinimumVisualStudioVersion = 10.0.40219.1
Project("{FAE04EC0-301F-11D3-BF4B-00C04F79EFBC}") = "Client", "Client\Client.csproj", "{53848E21-6A02-4D84-8FE4-59D56FDAD721}"
EndProject
Global
	GlobalSection(SolutionConfigurationPlatforms) = preSolution
		Debug|Any CPU = Debug|Any CPU
		Release|Any CPU = Release|Any CPU
	EndGlobalSection
	GlobalSection(ProjectConfigurationPlatforms) = postSolution
		{53848E21-6A02-4D84-8FE4-59D56FDAD721}.Debug|Any CPU.ActiveCfg = Debug|Any CPU
		{53848E21-6A02-4D84-8FE4-59D56FDAD721}.Debug|Any CPU.Build.0 = Debug|Any CPU
		{53848E21-6A02-4D84-8FE4-59D56FDAD721}.Release|Any CPU.ActiveCfg = Release|Any CPU
		{53848E21-6A02-4D84-8FE4-59D56FDAD721}.Release|Any CPU.Build.0 = Release|Any CPU
	EndGlobalSection
	GlobalSection(SolutionProperties) = preSolution
		HideSolutionNode = FALSE
	EndGlobalSection
	GlobalSection(ExtensibilityGlobals) = postSolution
		SolutionGuid = {677F4587-6909-4A71-B657-47221E615F79}
	EndGlobalSection
EndGlobal
